// !$*UTF8*$!
{
	archiveVersion = 1;
	classes = {
	};
	objectVersion = 55;
	objects = {

/* Begin PBXBuildFile section */
		2D028067279EE19300AB97C2 /* Draft.rtf in Resources */ = {isa = PBXBuildFile; fileRef = 2D028066279EE19300AB97C2 /* Draft.rtf */; };
		2D02806A279F04ED00AB97C2 /* SlotCombinations.swift in Sources */ = {isa = PBXBuildFile; fileRef = 2D028069279F04ED00AB97C2 /* SlotCombinations.swift */; };
		2D7BA1F927A7FABF00FA5207 /* click2.wav in Resources */ = {isa = PBXBuildFile; fileRef = 2D7BA1F827A7FABF00FA5207 /* click2.wav */; };
		2D7BA1FC27A805CD00FA5207 /* coins.wav in Resources */ = {isa = PBXBuildFile; fileRef = 2D7BA1FA27A805CD00FA5207 /* coins.wav */; };
		2D7BA1FD27A805CD00FA5207 /* spin.wav in Resources */ = {isa = PBXBuildFile; fileRef = 2D7BA1FB27A805CD00FA5207 /* spin.wav */; };
		2D7BA1FF27A8071200FA5207 /* plusOrMinus.wav in Resources */ = {isa = PBXBuildFile; fileRef = 2D7BA1FE27A8071200FA5207 /* plusOrMinus.wav */; };
		2D7FCD93278C598D00B6DCB5 /* Constants.swift in Sources */ = {isa = PBXBuildFile; fileRef = 2D7FCD92278C598D00B6DCB5 /* Constants.swift */; };
		2D7FCD95278C778800B6DCB5 /* gradientInfo.png in Resources */ = {isa = PBXBuildFile; fileRef = 2D7FCD94278C778800B6DCB5 /* gradientInfo.png */; };
		2D7FCD97278D8DAC00B6DCB5 /* PrivacyPolicyAndTermsVC.swift in Sources */ = {isa = PBXBuildFile; fileRef = 2D7FCD96278D8DAC00B6DCB5 /* PrivacyPolicyAndTermsVC.swift */; };
		2D8B7766278EDF790043404A /* User.swift in Sources */ = {isa = PBXBuildFile; fileRef = 2D8B7765278EDF790043404A /* User.swift */; };
		2D8B7768279049990043404A /* PreloaderVC.swift in Sources */ = {isa = PBXBuildFile; fileRef = 2D8B7767279049990043404A /* PreloaderVC.swift */; };
		2DA2760A279EBC050052FC2D /* CustomTableViewCell.swift in Sources */ = {isa = PBXBuildFile; fileRef = 2DA27609279EBC050052FC2D /* CustomTableViewCell.swift */; };
		2DA2760C279EBD810052FC2D /* CustomCollectionViewCell.swift in Sources */ = {isa = PBXBuildFile; fileRef = 2DA2760B279EBD810052FC2D /* CustomCollectionViewCell.swift */; };
		2DC04C42279076B000C0A027 /* SlotsController.swift in Sources */ = {isa = PBXBuildFile; fileRef = 2DC04C41279076B000C0A027 /* SlotsController.swift */; };
		2DC04C44279076C100C0A027 /* Slots.storyboard in Resources */ = {isa = PBXBuildFile; fileRef = 2DC04C43279076C100C0A027 /* Slots.storyboard */; };
		2DC98D392784407C00CC9C4C /* AppDelegate.swift in Sources */ = {isa = PBXBuildFile; fileRef = 2DC98D382784407C00CC9C4C /* AppDelegate.swift */; };
		2DC98D3B2784407C00CC9C4C /* SceneDelegate.swift in Sources */ = {isa = PBXBuildFile; fileRef = 2DC98D3A2784407C00CC9C4C /* SceneDelegate.swift */; };
		2DC98D3D2784407C00CC9C4C /* InitialViewController.swift in Sources */ = {isa = PBXBuildFile; fileRef = 2DC98D3C2784407C00CC9C4C /* InitialViewController.swift */; };
		2DC98D402784407C00CC9C4C /* Main.storyboard in Resources */ = {isa = PBXBuildFile; fileRef = 2DC98D3E2784407C00CC9C4C /* Main.storyboard */; };
		2DC98D422784407E00CC9C4C /* Assets.xcassets in Resources */ = {isa = PBXBuildFile; fileRef = 2DC98D412784407E00CC9C4C /* Assets.xcassets */; };
		2DC98D452784407E00CC9C4C /* LaunchScreen.storyboard in Resources */ = {isa = PBXBuildFile; fileRef = 2DC98D432784407E00CC9C4C /* LaunchScreen.storyboard */; };
		2DC98D52278446A100CC9C4C /* Chewy-Regular.ttf in Resources */ = {isa = PBXBuildFile; fileRef = 2DC98D4E2784447F00CC9C4C /* Chewy-Regular.ttf */; };
		2DC98D6027848C0D00CC9C4C /* MatchGameBoard.storyboard in Resources */ = {isa = PBXBuildFile; fileRef = 2DC98D5F27848C0D00CC9C4C /* MatchGameBoard.storyboard */; };
		2DC98D6F27848C8300CC9C4C /* SoundManager.swift in Sources */ = {isa = PBXBuildFile; fileRef = 2DC98D6227848C8300CC9C4C /* SoundManager.swift */; };
		2DC98D7027848C8300CC9C4C /* CardCollectionViewCell.swift in Sources */ = {isa = PBXBuildFile; fileRef = 2DC98D6427848C8300CC9C4C /* CardCollectionViewCell.swift */; };
		2DC98D7127848C8300CC9C4C /* dingcorrect.wav in Resources */ = {isa = PBXBuildFile; fileRef = 2DC98D6627848C8300CC9C4C /* dingcorrect.wav */; };
		2DC98D7227848C8300CC9C4C /* cardflip.wav in Resources */ = {isa = PBXBuildFile; fileRef = 2DC98D6727848C8300CC9C4C /* cardflip.wav */; };
		2DC98D7327848C8300CC9C4C /* shuffle.wav in Resources */ = {isa = PBXBuildFile; fileRef = 2DC98D6827848C8300CC9C4C /* shuffle.wav */; };
		2DC98D7427848C8300CC9C4C /* dingwrong.wav in Resources */ = {isa = PBXBuildFile; fileRef = 2DC98D6927848C8300CC9C4C /* dingwrong.wav */; };
		2DC98D7527848C8300CC9C4C /* MatchGameViewController.swift in Sources */ = {isa = PBXBuildFile; fileRef = 2DC98D6B27848C8300CC9C4C /* MatchGameViewController.swift */; };
		2DC98D7627848C8300CC9C4C /* CardModel.swift in Sources */ = {isa = PBXBuildFile; fileRef = 2DC98D6D27848C8300CC9C4C /* CardModel.swift */; };
		2DC98D7727848C8300CC9C4C /* Card.swift in Sources */ = {isa = PBXBuildFile; fileRef = 2DC98D6E27848C8300CC9C4C /* Card.swift */; };
		2DC98D7A2785E6B300CC9C4C /* BonusMapController.swift in Sources */ = {isa = PBXBuildFile; fileRef = 2DC98D792785E6B300CC9C4C /* BonusMapController.swift */; };
		2DC98D802785EA7700CC9C4C /* BonusMapStoryboard.storyboard in Resources */ = {isa = PBXBuildFile; fileRef = 2DC98D7F2785EA7700CC9C4C /* BonusMapStoryboard.storyboard */; };
		2DC98D852786E6A500CC9C4C /* SettingsController.swift in Sources */ = {isa = PBXBuildFile; fileRef = 2DC98D842786E6A500CC9C4C /* SettingsController.swift */; };
		2DC98D872786E78E00CC9C4C /* PopUpVC.swift in Sources */ = {isa = PBXBuildFile; fileRef = 2DC98D862786E78E00CC9C4C /* PopUpVC.swift */; };
		2DFAC9B92795A8F700F15D69 /* Animation(declined).swift in Sources */ = {isa = PBXBuildFile; fileRef = 2DFAC9B82795A8F700F15D69 /* Animation(declined).swift */; };
		4A473C622788C3C60005059F /* Links.rtf in Resources */ = {isa = PBXBuildFile; fileRef = 4A473C612788C3C60005059F /* Links.rtf */; };
		4A473C6B2788FCBB0005059F /* main.wav in Resources */ = {isa = PBXBuildFile; fileRef = 4A473C692788FCB90005059F /* main.wav */; };
		4A473C6C2788FCBB0005059F /* slots.wav in Resources */ = {isa = PBXBuildFile; fileRef = 4A473C6A2788FCBB0005059F /* slots.wav */; };
		4AA534C1278518BE00CE53DC /* sad.wav in Resources */ = {isa = PBXBuildFile; fileRef = 4AA534C0278518BE00CE53DC /* sad.wav */; };
		4AAC0D6F2789C81200B3E79B /* Extensions.swift in Sources */ = {isa = PBXBuildFile; fileRef = 4AAC0D6E2789C81200B3E79B /* Extensions.swift */; };
		4ABE997F2792265E00798C8A /* Vibro.swift in Sources */ = {isa = PBXBuildFile; fileRef = 4ABE997E2792265E00798C8A /* Vibro.swift */; };
/* End PBXBuildFile section */

/* Begin PBXFileReference section */
		2D028066279EE19300AB97C2 /* Draft.rtf */ = {isa = PBXFileReference; lastKnownFileType = text.rtf; path = Draft.rtf; sourceTree = "<group>"; };
		2D028069279F04ED00AB97C2 /* SlotCombinations.swift */ = {isa = PBXFileReference; lastKnownFileType = sourcecode.swift; path = SlotCombinations.swift; sourceTree = "<group>"; };
		2D7BA1F827A7FABF00FA5207 /* click2.wav */ = {isa = PBXFileReference; lastKnownFileType = audio.wav; path = click2.wav; sourceTree = "<group>"; };
		2D7BA1FA27A805CD00FA5207 /* coins.wav */ = {isa = PBXFileReference; lastKnownFileType = audio.wav; path = coins.wav; sourceTree = "<group>"; };
		2D7BA1FB27A805CD00FA5207 /* spin.wav */ = {isa = PBXFileReference; lastKnownFileType = audio.wav; path = spin.wav; sourceTree = "<group>"; };
		2D7BA1FE27A8071200FA5207 /* plusOrMinus.wav */ = {isa = PBXFileReference; lastKnownFileType = audio.wav; path = plusOrMinus.wav; sourceTree = "<group>"; };
		2D7FCD92278C598D00B6DCB5 /* Constants.swift */ = {isa = PBXFileReference; lastKnownFileType = sourcecode.swift; path = Constants.swift; sourceTree = "<group>"; };
		2D7FCD94278C778800B6DCB5 /* gradientInfo.png */ = {isa = PBXFileReference; lastKnownFileType = image.png; path = gradientInfo.png; sourceTree = "<group>"; };
		2D7FCD96278D8DAC00B6DCB5 /* PrivacyPolicyAndTermsVC.swift */ = {isa = PBXFileReference; lastKnownFileType = sourcecode.swift; path = PrivacyPolicyAndTermsVC.swift; sourceTree = "<group>"; };
		2D8B7765278EDF790043404A /* User.swift */ = {isa = PBXFileReference; lastKnownFileType = sourcecode.swift; path = User.swift; sourceTree = "<group>"; };
		2D8B7767279049990043404A /* PreloaderVC.swift */ = {isa = PBXFileReference; lastKnownFileType = sourcecode.swift; path = PreloaderVC.swift; sourceTree = "<group>"; };
		2DA27609279EBC050052FC2D /* CustomTableViewCell.swift */ = {isa = PBXFileReference; lastKnownFileType = sourcecode.swift; path = CustomTableViewCell.swift; sourceTree = "<group>"; };
		2DA2760B279EBD810052FC2D /* CustomCollectionViewCell.swift */ = {isa = PBXFileReference; lastKnownFileType = sourcecode.swift; path = CustomCollectionViewCell.swift; sourceTree = "<group>"; };
		2DC04C41279076B000C0A027 /* SlotsController.swift */ = {isa = PBXFileReference; lastKnownFileType = sourcecode.swift; path = SlotsController.swift; sourceTree = "<group>"; };
		2DC04C43279076C100C0A027 /* Slots.storyboard */ = {isa = PBXFileReference; lastKnownFileType = file.storyboard; path = Slots.storyboard; sourceTree = "<group>"; };
		2DC98D352784407C00CC9C4C /* CaptainCooks.app */ = {isa = PBXFileReference; explicitFileType = wrapper.application; includeInIndex = 0; path = CaptainCooks.app; sourceTree = BUILT_PRODUCTS_DIR; };
		2DC98D382784407C00CC9C4C /* AppDelegate.swift */ = {isa = PBXFileReference; lastKnownFileType = sourcecode.swift; path = AppDelegate.swift; sourceTree = "<group>"; };
		2DC98D3A2784407C00CC9C4C /* SceneDelegate.swift */ = {isa = PBXFileReference; lastKnownFileType = sourcecode.swift; path = SceneDelegate.swift; sourceTree = "<group>"; };
		2DC98D3C2784407C00CC9C4C /* InitialViewController.swift */ = {isa = PBXFileReference; lastKnownFileType = sourcecode.swift; path = InitialViewController.swift; sourceTree = "<group>"; };
		2DC98D3F2784407C00CC9C4C /* Base */ = {isa = PBXFileReference; lastKnownFileType = file.storyboard; name = Base; path = Base.lproj/Main.storyboard; sourceTree = "<group>"; };
		2DC98D412784407E00CC9C4C /* Assets.xcassets */ = {isa = PBXFileReference; lastKnownFileType = folder.assetcatalog; path = Assets.xcassets; sourceTree = "<group>"; };
		2DC98D442784407E00CC9C4C /* Base */ = {isa = PBXFileReference; lastKnownFileType = file.storyboard; name = Base; path = Base.lproj/LaunchScreen.storyboard; sourceTree = "<group>"; };
		2DC98D462784407E00CC9C4C /* Info.plist */ = {isa = PBXFileReference; lastKnownFileType = text.plist.xml; path = Info.plist; sourceTree = "<group>"; };
		2DC98D4E2784447F00CC9C4C /* Chewy-Regular.ttf */ = {isa = PBXFileReference; lastKnownFileType = file; path = "Chewy-Regular.ttf"; sourceTree = "<group>"; };
		2DC98D5F27848C0D00CC9C4C /* MatchGameBoard.storyboard */ = {isa = PBXFileReference; fileEncoding = 4; lastKnownFileType = file.storyboard; path = MatchGameBoard.storyboard; sourceTree = "<group>"; };
		2DC98D6227848C8300CC9C4C /* SoundManager.swift */ = {isa = PBXFileReference; fileEncoding = 4; lastKnownFileType = sourcecode.swift; path = SoundManager.swift; sourceTree = "<group>"; };
		2DC98D6427848C8300CC9C4C /* CardCollectionViewCell.swift */ = {isa = PBXFileReference; fileEncoding = 4; lastKnownFileType = sourcecode.swift; path = CardCollectionViewCell.swift; sourceTree = "<group>"; };
		2DC98D6627848C8300CC9C4C /* dingcorrect.wav */ = {isa = PBXFileReference; lastKnownFileType = audio.wav; path = dingcorrect.wav; sourceTree = "<group>"; };
		2DC98D6727848C8300CC9C4C /* cardflip.wav */ = {isa = PBXFileReference; lastKnownFileType = audio.wav; path = cardflip.wav; sourceTree = "<group>"; };
		2DC98D6827848C8300CC9C4C /* shuffle.wav */ = {isa = PBXFileReference; lastKnownFileType = audio.wav; path = shuffle.wav; sourceTree = "<group>"; };
		2DC98D6927848C8300CC9C4C /* dingwrong.wav */ = {isa = PBXFileReference; lastKnownFileType = audio.wav; path = dingwrong.wav; sourceTree = "<group>"; };
		2DC98D6B27848C8300CC9C4C /* MatchGameViewController.swift */ = {isa = PBXFileReference; fileEncoding = 4; lastKnownFileType = sourcecode.swift; path = MatchGameViewController.swift; sourceTree = "<group>"; };
		2DC98D6D27848C8300CC9C4C /* CardModel.swift */ = {isa = PBXFileReference; fileEncoding = 4; lastKnownFileType = sourcecode.swift; path = CardModel.swift; sourceTree = "<group>"; };
		2DC98D6E27848C8300CC9C4C /* Card.swift */ = {isa = PBXFileReference; fileEncoding = 4; lastKnownFileType = sourcecode.swift; path = Card.swift; sourceTree = "<group>"; };
		2DC98D792785E6B300CC9C4C /* BonusMapController.swift */ = {isa = PBXFileReference; lastKnownFileType = sourcecode.swift; path = BonusMapController.swift; sourceTree = "<group>"; };
		2DC98D7F2785EA7700CC9C4C /* BonusMapStoryboard.storyboard */ = {isa = PBXFileReference; lastKnownFileType = file.storyboard; path = BonusMapStoryboard.storyboard; sourceTree = "<group>"; };
		2DC98D842786E6A500CC9C4C /* SettingsController.swift */ = {isa = PBXFileReference; lastKnownFileType = sourcecode.swift; path = SettingsController.swift; sourceTree = "<group>"; };
		2DC98D862786E78E00CC9C4C /* PopUpVC.swift */ = {isa = PBXFileReference; lastKnownFileType = sourcecode.swift; path = PopUpVC.swift; sourceTree = "<group>"; };
		2DFAC9B82795A8F700F15D69 /* Animation(declined).swift */ = {isa = PBXFileReference; lastKnownFileType = sourcecode.swift; path = "Animation(declined).swift"; sourceTree = "<group>"; };
		4A473C612788C3C60005059F /* Links.rtf */ = {isa = PBXFileReference; lastKnownFileType = text.rtf; path = Links.rtf; sourceTree = "<group>"; };
		4A473C692788FCB90005059F /* main.wav */ = {isa = PBXFileReference; lastKnownFileType = audio.wav; path = main.wav; sourceTree = "<group>"; };
		4A473C6A2788FCBB0005059F /* slots.wav */ = {isa = PBXFileReference; lastKnownFileType = audio.wav; path = slots.wav; sourceTree = "<group>"; };
		4AA534C0278518BE00CE53DC /* sad.wav */ = {isa = PBXFileReference; lastKnownFileType = audio.wav; path = sad.wav; sourceTree = "<group>"; };
		4AAC0D6E2789C81200B3E79B /* Extensions.swift */ = {isa = PBXFileReference; lastKnownFileType = sourcecode.swift; path = Extensions.swift; sourceTree = "<group>"; };
		4ABE997E2792265E00798C8A /* Vibro.swift */ = {isa = PBXFileReference; lastKnownFileType = sourcecode.swift; path = Vibro.swift; sourceTree = "<group>"; };
/* End PBXFileReference section */

/* Begin PBXFrameworksBuildPhase section */
		2DC98D322784407C00CC9C4C /* Frameworks */ = {
			isa = PBXFrameworksBuildPhase;
			buildActionMask = 2147483647;
			files = (
			);
			runOnlyForDeploymentPostprocessing = 0;
		};
/* End PBXFrameworksBuildPhase section */

/* Begin PBXGroup section */
		2D028068279EE1AC00AB97C2 /* Other */ = {
			isa = PBXGroup;
			children = (
				4A473C612788C3C60005059F /* Links.rtf */,
				2D7FCD94278C778800B6DCB5 /* gradientInfo.png */,
				2D028066279EE19300AB97C2 /* Draft.rtf */,
				2DFAC9B82795A8F700F15D69 /* Animation(declined).swift */,
			);
			path = Other;
			sourceTree = "<group>";
		};
		2DC04C4027906F0600C0A027 /* Slots */ = {
			isa = PBXGroup;
			children = (
				2DC04C41279076B000C0A027 /* SlotsController.swift */,
				2D028069279F04ED00AB97C2 /* SlotCombinations.swift */,
				2DA27609279EBC050052FC2D /* CustomTableViewCell.swift */,
				2DA2760B279EBD810052FC2D /* CustomCollectionViewCell.swift */,
				2DC04C43279076C100C0A027 /* Slots.storyboard */,
			);
			path = Slots;
			sourceTree = "<group>";
		};
		2DC98D2C2784407C00CC9C4C = {
			isa = PBXGroup;
			children = (
				2DC98D372784407C00CC9C4C /* CaptainCooks */,
				2DC98D362784407C00CC9C4C /* Products */,
			);
			sourceTree = "<group>";
		};
		2DC98D362784407C00CC9C4C /* Products */ = {
			isa = PBXGroup;
			children = (
				2DC98D352784407C00CC9C4C /* CaptainCooks.app */,
			);
			name = Products;
			sourceTree = "<group>";
		};
		2DC98D372784407C00CC9C4C /* CaptainCooks */ = {
			isa = PBXGroup;
			children = (
				2DC98D3E2784407C00CC9C4C /* Main.storyboard */,
				2DC04C4027906F0600C0A027 /* Slots */,
				2DC98D812786E67100CC9C4C /* SettingsAndPolicy */,
				2DC98D53278446CF00CC9C4C /* WelcomeScreen */,
				2DC98D782785E69700CC9C4C /* BonusMapScreen */,
				2DC98D4C2784438400CC9C4C /* MatchingGame */,
				2DC98D512784458400CC9C4C /* Resources */,
			);
			path = CaptainCooks;
			sourceTree = "<group>";
		};
		2DC98D4C2784438400CC9C4C /* MatchingGame */ = {
			isa = PBXGroup;
			children = (
				2DC98D6327848C8300CC9C4C /* CollectionViewCells */,
				2DC98D6C27848C8300CC9C4C /* Model */,
				2DC98D6A27848C8300CC9C4C /* ViewController */,
				2DC98D5F27848C0D00CC9C4C /* MatchGameBoard.storyboard */,
			);
			path = MatchingGame;
			sourceTree = "<group>";
		};
		2DC98D4D2784446F00CC9C4C /* Fonts */ = {
			isa = PBXGroup;
			children = (
				2DC98D4E2784447F00CC9C4C /* Chewy-Regular.ttf */,
			);
			path = Fonts;
			sourceTree = "<group>";
		};
		2DC98D512784458400CC9C4C /* Resources */ = {
			isa = PBXGroup;
			children = (
				2D028068279EE1AC00AB97C2 /* Other */,
				2DC98D4D2784446F00CC9C4C /* Fonts */,
				2DC98D6127848C8300CC9C4C /* SoundUtility */,
				2DC98D382784407C00CC9C4C /* AppDelegate.swift */,
				2DC98D3A2784407C00CC9C4C /* SceneDelegate.swift */,
				4AAC0D6E2789C81200B3E79B /* Extensions.swift */,
				2D7FCD92278C598D00B6DCB5 /* Constants.swift */,
				2D8B7765278EDF790043404A /* User.swift */,
				2DC98D432784407E00CC9C4C /* LaunchScreen.storyboard */,
				2DC98D412784407E00CC9C4C /* Assets.xcassets */,
				2DC98D462784407E00CC9C4C /* Info.plist */,
			);
			path = Resources;
			sourceTree = "<group>";
		};
		2DC98D53278446CF00CC9C4C /* WelcomeScreen */ = {
			isa = PBXGroup;
			children = (
				2DC98D3C2784407C00CC9C4C /* InitialViewController.swift */,
				2D8B7767279049990043404A /* PreloaderVC.swift */,
			);
			path = WelcomeScreen;
			sourceTree = "<group>";
		};
		2DC98D6127848C8300CC9C4C /* SoundUtility */ = {
			isa = PBXGroup;
			children = (
				2DC98D6227848C8300CC9C4C /* SoundManager.swift */,
				4ABE997E2792265E00798C8A /* Vibro.swift */,
				2DC98D6527848C8300CC9C4C /* Sounds */,
			);
			path = SoundUtility;
			sourceTree = "<group>";
		};
		2DC98D6327848C8300CC9C4C /* CollectionViewCells */ = {
			isa = PBXGroup;
			children = (
				2DC98D6427848C8300CC9C4C /* CardCollectionViewCell.swift */,
			);
			path = CollectionViewCells;
			sourceTree = "<group>";
		};
		2DC98D6527848C8300CC9C4C /* Sounds */ = {
			isa = PBXGroup;
			children = (
				2D7BA1FE27A8071200FA5207 /* plusOrMinus.wav */,
				2D7BA1FA27A805CD00FA5207 /* coins.wav */,
				2D7BA1FB27A805CD00FA5207 /* spin.wav */,
				2D7BA1F827A7FABF00FA5207 /* click2.wav */,
				4A473C692788FCB90005059F /* main.wav */,
				4A473C6A2788FCBB0005059F /* slots.wav */,
				4AA534C0278518BE00CE53DC /* sad.wav */,
				2DC98D6627848C8300CC9C4C /* dingcorrect.wav */,
				2DC98D6727848C8300CC9C4C /* cardflip.wav */,
				2DC98D6827848C8300CC9C4C /* shuffle.wav */,
				2DC98D6927848C8300CC9C4C /* dingwrong.wav */,
			);
			path = Sounds;
			sourceTree = "<group>";
		};
		2DC98D6A27848C8300CC9C4C /* ViewController */ = {
			isa = PBXGroup;
			children = (
				2DC98D6B27848C8300CC9C4C /* MatchGameViewController.swift */,
			);
			path = ViewController;
			sourceTree = "<group>";
		};
		2DC98D6C27848C8300CC9C4C /* Model */ = {
			isa = PBXGroup;
			children = (
				2DC98D6D27848C8300CC9C4C /* CardModel.swift */,
				2DC98D6E27848C8300CC9C4C /* Card.swift */,
			);
			path = Model;
			sourceTree = "<group>";
		};
		2DC98D782785E69700CC9C4C /* BonusMapScreen */ = {
			isa = PBXGroup;
			children = (
				2DC98D862786E78E00CC9C4C /* PopUpVC.swift */,
				2DC98D792785E6B300CC9C4C /* BonusMapController.swift */,
				2DC98D7F2785EA7700CC9C4C /* BonusMapStoryboard.storyboard */,
			);
			path = BonusMapScreen;
			sourceTree = "<group>";
		};
		2DC98D812786E67100CC9C4C /* SettingsAndPolicy */ = {
			isa = PBXGroup;
			children = (
				2DC98D842786E6A500CC9C4C /* SettingsController.swift */,
				2D7FCD96278D8DAC00B6DCB5 /* PrivacyPolicyAndTermsVC.swift */,
			);
			path = SettingsAndPolicy;
			sourceTree = "<group>";
		};
/* End PBXGroup section */

/* Begin PBXNativeTarget section */
		2DC98D342784407C00CC9C4C /* CaptainCooks */ = {
			isa = PBXNativeTarget;
			buildConfigurationList = 2DC98D492784407E00CC9C4C /* Build configuration list for PBXNativeTarget "CaptainCooks" */;
			buildPhases = (
				2DC98D312784407C00CC9C4C /* Sources */,
				2DC98D322784407C00CC9C4C /* Frameworks */,
				2DC98D332784407C00CC9C4C /* Resources */,
			);
			buildRules = (
			);
			dependencies = (
			);
			name = CaptainCooks;
			productName = CaptainCooks;
			productReference = 2DC98D352784407C00CC9C4C /* CaptainCooks.app */;
			productType = "com.apple.product-type.application";
		};
/* End PBXNativeTarget section */

/* Begin PBXProject section */
		2DC98D2D2784407C00CC9C4C /* Project object */ = {
			isa = PBXProject;
			attributes = {
				BuildIndependentTargetsInParallel = 1;
				LastSwiftUpdateCheck = 1310;
				LastUpgradeCheck = 1310;
				TargetAttributes = {
					2DC98D342784407C00CC9C4C = {
						CreatedOnToolsVersion = 13.1;
					};
				};
			};
			buildConfigurationList = 2DC98D302784407C00CC9C4C /* Build configuration list for PBXProject "CaptainCooks" */;
			compatibilityVersion = "Xcode 13.0";
			developmentRegion = en;
			hasScannedForEncodings = 0;
			knownRegions = (
				en,
				Base,
			);
			mainGroup = 2DC98D2C2784407C00CC9C4C;
			productRefGroup = 2DC98D362784407C00CC9C4C /* Products */;
			projectDirPath = "";
			projectRoot = "";
			targets = (
				2DC98D342784407C00CC9C4C /* CaptainCooks */,
			);
		};
/* End PBXProject section */

/* Begin PBXResourcesBuildPhase section */
		2DC98D332784407C00CC9C4C /* Resources */ = {
			isa = PBXResourcesBuildPhase;
			buildActionMask = 2147483647;
			files = (
				2D7BA1F927A7FABF00FA5207 /* click2.wav in Resources */,
				4A473C622788C3C60005059F /* Links.rtf in Resources */,
				2DC98D52278446A100CC9C4C /* Chewy-Regular.ttf in Resources */,
				2DC98D452784407E00CC9C4C /* LaunchScreen.storyboard in Resources */,
				2DC98D7427848C8300CC9C4C /* dingwrong.wav in Resources */,
				2DC98D422784407E00CC9C4C /* Assets.xcassets in Resources */,
				2DC98D7227848C8300CC9C4C /* cardflip.wav in Resources */,
				4A473C6B2788FCBB0005059F /* main.wav in Resources */,
				4AA534C1278518BE00CE53DC /* sad.wav in Resources */,
				2DC98D7327848C8300CC9C4C /* shuffle.wav in Resources */,
				2D7BA1FD27A805CD00FA5207 /* spin.wav in Resources */,
				2D7BA1FC27A805CD00FA5207 /* coins.wav in Resources */,
				2DC98D6027848C0D00CC9C4C /* MatchGameBoard.storyboard in Resources */,
				2D028067279EE19300AB97C2 /* Draft.rtf in Resources */,
				2D7BA1FF27A8071200FA5207 /* plusOrMinus.wav in Resources */,
				2D7FCD95278C778800B6DCB5 /* gradientInfo.png in Resources */,
				2DC98D802785EA7700CC9C4C /* BonusMapStoryboard.storyboard in Resources */,
				2DC04C44279076C100C0A027 /* Slots.storyboard in Resources */,
				2DC98D402784407C00CC9C4C /* Main.storyboard in Resources */,
				4A473C6C2788FCBB0005059F /* slots.wav in Resources */,
				2DC98D7127848C8300CC9C4C /* dingcorrect.wav in Resources */,
			);
			runOnlyForDeploymentPostprocessing = 0;
		};
/* End PBXResourcesBuildPhase section */

/* Begin PBXSourcesBuildPhase section */
		2DC98D312784407C00CC9C4C /* Sources */ = {
			isa = PBXSourcesBuildPhase;
			buildActionMask = 2147483647;
			files = (
				2DC98D7527848C8300CC9C4C /* MatchGameViewController.swift in Sources */,
				2DA2760A279EBC050052FC2D /* CustomTableViewCell.swift in Sources */,
				2DC98D852786E6A500CC9C4C /* SettingsController.swift in Sources */,
				4ABE997F2792265E00798C8A /* Vibro.swift in Sources */,
				2DFAC9B92795A8F700F15D69 /* Animation(declined).swift in Sources */,
				2DC98D7A2785E6B300CC9C4C /* BonusMapController.swift in Sources */,
				2D8B7768279049990043404A /* PreloaderVC.swift in Sources */,
				2DC98D3D2784407C00CC9C4C /* InitialViewController.swift in Sources */,
				2D02806A279F04ED00AB97C2 /* SlotCombinations.swift in Sources */,
				2DC98D6F27848C8300CC9C4C /* SoundManager.swift in Sources */,
				2DC98D872786E78E00CC9C4C /* PopUpVC.swift in Sources */,
				2DC98D7627848C8300CC9C4C /* CardModel.swift in Sources */,
				2D7FCD93278C598D00B6DCB5 /* Constants.swift in Sources */,
				2D8B7766278EDF790043404A /* User.swift in Sources */,
				4AAC0D6F2789C81200B3E79B /* Extensions.swift in Sources */,
				2DC98D392784407C00CC9C4C /* AppDelegate.swift in Sources */,
				2DC98D7027848C8300CC9C4C /* CardCollectionViewCell.swift in Sources */,
				2DC04C42279076B000C0A027 /* SlotsController.swift in Sources */,
				2D7FCD97278D8DAC00B6DCB5 /* PrivacyPolicyAndTermsVC.swift in Sources */,
				2DC98D3B2784407C00CC9C4C /* SceneDelegate.swift in Sources */,
				2DC98D7727848C8300CC9C4C /* Card.swift in Sources */,
				2DA2760C279EBD810052FC2D /* CustomCollectionViewCell.swift in Sources */,
			);
			runOnlyForDeploymentPostprocessing = 0;
		};
/* End PBXSourcesBuildPhase section */

/* Begin PBXVariantGroup section */
		2DC98D3E2784407C00CC9C4C /* Main.storyboard */ = {
			isa = PBXVariantGroup;
			children = (
				2DC98D3F2784407C00CC9C4C /* Base */,
			);
			name = Main.storyboard;
			sourceTree = "<group>";
		};
		2DC98D432784407E00CC9C4C /* LaunchScreen.storyboard */ = {
			isa = PBXVariantGroup;
			children = (
				2DC98D442784407E00CC9C4C /* Base */,
			);
			name = LaunchScreen.storyboard;
			sourceTree = "<group>";
		};
/* End PBXVariantGroup section */

/* Begin XCBuildConfiguration section */
		2DC98D472784407E00CC9C4C /* Debug */ = {
			isa = XCBuildConfiguration;
			buildSettings = {
				ALWAYS_SEARCH_USER_PATHS = NO;
				CLANG_ANALYZER_NONNULL = YES;
				CLANG_ANALYZER_NUMBER_OBJECT_CONVERSION = YES_AGGRESSIVE;
				CLANG_CXX_LANGUAGE_STANDARD = "gnu++17";
				CLANG_CXX_LIBRARY = "libc++";
				CLANG_ENABLE_MODULES = YES;
				CLANG_ENABLE_OBJC_ARC = YES;
				CLANG_ENABLE_OBJC_WEAK = YES;
				CLANG_WARN_BLOCK_CAPTURE_AUTORELEASING = YES;
				CLANG_WARN_BOOL_CONVERSION = YES;
				CLANG_WARN_COMMA = YES;
				CLANG_WARN_CONSTANT_CONVERSION = YES;
				CLANG_WARN_DEPRECATED_OBJC_IMPLEMENTATIONS = YES;
				CLANG_WARN_DIRECT_OBJC_ISA_USAGE = YES_ERROR;
				CLANG_WARN_DOCUMENTATION_COMMENTS = YES;
				CLANG_WARN_EMPTY_BODY = YES;
				CLANG_WARN_ENUM_CONVERSION = YES;
				CLANG_WARN_INFINITE_RECURSION = YES;
				CLANG_WARN_INT_CONVERSION = YES;
				CLANG_WARN_NON_LITERAL_NULL_CONVERSION = YES;
				CLANG_WARN_OBJC_IMPLICIT_RETAIN_SELF = YES;
				CLANG_WARN_OBJC_LITERAL_CONVERSION = YES;
				CLANG_WARN_OBJC_ROOT_CLASS = YES_ERROR;
				CLANG_WARN_QUOTED_INCLUDE_IN_FRAMEWORK_HEADER = YES;
				CLANG_WARN_RANGE_LOOP_ANALYSIS = YES;
				CLANG_WARN_STRICT_PROTOTYPES = YES;
				CLANG_WARN_SUSPICIOUS_MOVE = YES;
				CLANG_WARN_UNGUARDED_AVAILABILITY = YES_AGGRESSIVE;
				CLANG_WARN_UNREACHABLE_CODE = YES;
				CLANG_WARN__DUPLICATE_METHOD_MATCH = YES;
				COPY_PHASE_STRIP = NO;
				DEBUG_INFORMATION_FORMAT = dwarf;
				ENABLE_STRICT_OBJC_MSGSEND = YES;
				ENABLE_TESTABILITY = YES;
				GCC_C_LANGUAGE_STANDARD = gnu11;
				GCC_DYNAMIC_NO_PIC = NO;
				GCC_NO_COMMON_BLOCKS = YES;
				GCC_OPTIMIZATION_LEVEL = 0;
				GCC_PREPROCESSOR_DEFINITIONS = (
					"DEBUG=1",
					"$(inherited)",
				);
				GCC_WARN_64_TO_32_BIT_CONVERSION = YES;
				GCC_WARN_ABOUT_RETURN_TYPE = YES_ERROR;
				GCC_WARN_UNDECLARED_SELECTOR = YES;
				GCC_WARN_UNINITIALIZED_AUTOS = YES_AGGRESSIVE;
				GCC_WARN_UNUSED_FUNCTION = YES;
				GCC_WARN_UNUSED_VARIABLE = YES;
				IPHONEOS_DEPLOYMENT_TARGET = 15.0;
				MTL_ENABLE_DEBUG_INFO = INCLUDE_SOURCE;
				MTL_FAST_MATH = YES;
				ONLY_ACTIVE_ARCH = YES;
				SDKROOT = iphoneos;
				SWIFT_ACTIVE_COMPILATION_CONDITIONS = DEBUG;
				SWIFT_OPTIMIZATION_LEVEL = "-Onone";
			};
			name = Debug;
		};
		2DC98D482784407E00CC9C4C /* Release */ = {
			isa = XCBuildConfiguration;
			buildSettings = {
				ALWAYS_SEARCH_USER_PATHS = NO;
				CLANG_ANALYZER_NONNULL = YES;
				CLANG_ANALYZER_NUMBER_OBJECT_CONVERSION = YES_AGGRESSIVE;
				CLANG_CXX_LANGUAGE_STANDARD = "gnu++17";
				CLANG_CXX_LIBRARY = "libc++";
				CLANG_ENABLE_MODULES = YES;
				CLANG_ENABLE_OBJC_ARC = YES;
				CLANG_ENABLE_OBJC_WEAK = YES;
				CLANG_WARN_BLOCK_CAPTURE_AUTORELEASING = YES;
				CLANG_WARN_BOOL_CONVERSION = YES;
				CLANG_WARN_COMMA = YES;
				CLANG_WARN_CONSTANT_CONVERSION = YES;
				CLANG_WARN_DEPRECATED_OBJC_IMPLEMENTATIONS = YES;
				CLANG_WARN_DIRECT_OBJC_ISA_USAGE = YES_ERROR;
				CLANG_WARN_DOCUMENTATION_COMMENTS = YES;
				CLANG_WARN_EMPTY_BODY = YES;
				CLANG_WARN_ENUM_CONVERSION = YES;
				CLANG_WARN_INFINITE_RECURSION = YES;
				CLANG_WARN_INT_CONVERSION = YES;
				CLANG_WARN_NON_LITERAL_NULL_CONVERSION = YES;
				CLANG_WARN_OBJC_IMPLICIT_RETAIN_SELF = YES;
				CLANG_WARN_OBJC_LITERAL_CONVERSION = YES;
				CLANG_WARN_OBJC_ROOT_CLASS = YES_ERROR;
				CLANG_WARN_QUOTED_INCLUDE_IN_FRAMEWORK_HEADER = YES;
				CLANG_WARN_RANGE_LOOP_ANALYSIS = YES;
				CLANG_WARN_STRICT_PROTOTYPES = YES;
				CLANG_WARN_SUSPICIOUS_MOVE = YES;
				CLANG_WARN_UNGUARDED_AVAILABILITY = YES_AGGRESSIVE;
				CLANG_WARN_UNREACHABLE_CODE = YES;
				CLANG_WARN__DUPLICATE_METHOD_MATCH = YES;
				COPY_PHASE_STRIP = NO;
				DEBUG_INFORMATION_FORMAT = "dwarf-with-dsym";
				ENABLE_NS_ASSERTIONS = NO;
				ENABLE_STRICT_OBJC_MSGSEND = YES;
				GCC_C_LANGUAGE_STANDARD = gnu11;
				GCC_NO_COMMON_BLOCKS = YES;
				GCC_WARN_64_TO_32_BIT_CONVERSION = YES;
				GCC_WARN_ABOUT_RETURN_TYPE = YES_ERROR;
				GCC_WARN_UNDECLARED_SELECTOR = YES;
				GCC_WARN_UNINITIALIZED_AUTOS = YES_AGGRESSIVE;
				GCC_WARN_UNUSED_FUNCTION = YES;
				GCC_WARN_UNUSED_VARIABLE = YES;
				IPHONEOS_DEPLOYMENT_TARGET = 15.0;
				MTL_ENABLE_DEBUG_INFO = NO;
				MTL_FAST_MATH = YES;
				SDKROOT = iphoneos;
				SWIFT_COMPILATION_MODE = wholemodule;
				SWIFT_OPTIMIZATION_LEVEL = "-O";
				VALIDATE_PRODUCT = YES;
			};
			name = Release;
		};
		2DC98D4A2784407E00CC9C4C /* Debug */ = {
			isa = XCBuildConfiguration;
			buildSettings = {
				ASSETCATALOG_COMPILER_APPICON_NAME = AppIcon;
				ASSETCATALOG_COMPILER_GLOBAL_ACCENT_COLOR_NAME = AccentColor;
				CODE_SIGN_IDENTITY = "Apple Development";
				CODE_SIGN_STYLE = Automatic;
				CURRENT_PROJECT_VERSION = 1;
				DEVELOPMENT_TEAM = "";
				GENERATE_INFOPLIST_FILE = YES;
				INFOPLIST_FILE = CaptainCooks/Resources/Info.plist;
				INFOPLIST_KEY_UIApplicationSupportsIndirectInputEvents = YES;
				INFOPLIST_KEY_UILaunchStoryboardName = LaunchScreen;
				INFOPLIST_KEY_UIMainStoryboardFile = Main;
				INFOPLIST_KEY_UISupportedInterfaceOrientations_iPad = "UIInterfaceOrientationPortrait UIInterfaceOrientationPortraitUpsideDown UIInterfaceOrientationLandscapeLeft UIInterfaceOrientationLandscapeRight";
				INFOPLIST_KEY_UISupportedInterfaceOrientations_iPhone = "UIInterfaceOrientationPortrait UIInterfaceOrientationLandscapeLeft UIInterfaceOrientationLandscapeRight";
				LD_RUNPATH_SEARCH_PATHS = (
					"$(inherited)",
					"@executable_path/Frameworks",
				);
				MARKETING_VERSION = 1.0;
				PRODUCT_BUNDLE_IDENTIFIER = com.igorp.CaptainCooks;
				PRODUCT_NAME = "$(TARGET_NAME)";
				PROVISIONING_PROFILE_SPECIFIER = "";
				SWIFT_EMIT_LOC_STRINGS = YES;
				SWIFT_VERSION = 5.0;
				TARGETED_DEVICE_FAMILY = "1,2";
			};
			name = Debug;
		};
		2DC98D4B2784407E00CC9C4C /* Release */ = {
			isa = XCBuildConfiguration;
			buildSettings = {
				ASSETCATALOG_COMPILER_APPICON_NAME = AppIcon;
				ASSETCATALOG_COMPILER_GLOBAL_ACCENT_COLOR_NAME = AccentColor;
				CODE_SIGN_IDENTITY = "Apple Development";
				CODE_SIGN_STYLE = Automatic;
				CURRENT_PROJECT_VERSION = 1;
				DEVELOPMENT_TEAM = "";
				GENERATE_INFOPLIST_FILE = YES;
				INFOPLIST_FILE = CaptainCooks/Resources/Info.plist;
				INFOPLIST_KEY_UIApplicationSupportsIndirectInputEvents = YES;
				INFOPLIST_KEY_UILaunchStoryboardName = LaunchScreen;
				INFOPLIST_KEY_UIMainStoryboardFile = Main;
				INFOPLIST_KEY_UISupportedInterfaceOrientations_iPad = "UIInterfaceOrientationPortrait UIInterfaceOrientationPortraitUpsideDown UIInterfaceOrientationLandscapeLeft UIInterfaceOrientationLandscapeRight";
				INFOPLIST_KEY_UISupportedInterfaceOrientations_iPhone = "UIInterfaceOrientationPortrait UIInterfaceOrientationLandscapeLeft UIInterfaceOrientationLandscapeRight";
				LD_RUNPATH_SEARCH_PATHS = (
					"$(inherited)",
					"@executable_path/Frameworks",
				);
				MARKETING_VERSION = 1.0;
				PRODUCT_BUNDLE_IDENTIFIER = com.igorp.CaptainCooks;
				PRODUCT_NAME = "$(TARGET_NAME)";
				PROVISIONING_PROFILE_SPECIFIER = "";
				SWIFT_EMIT_LOC_STRINGS = YES;
				SWIFT_VERSION = 5.0;
				TARGETED_DEVICE_FAMILY = "1,2";
			};
			name = Release;
		};
/* End XCBuildConfiguration section */

/* Begin XCConfigurationList section */
		2DC98D302784407C00CC9C4C /* Build configuration list for PBXProject "CaptainCooks" */ = {
			isa = XCConfigurationList;
			buildConfigurations = (
				2DC98D472784407E00CC9C4C /* Debug */,
				2DC98D482784407E00CC9C4C /* Release */,
			);
			defaultConfigurationIsVisible = 0;
			defaultConfigurationName = Release;
		};
		2DC98D492784407E00CC9C4C /* Build configuration list for PBXNativeTarget "CaptainCooks" */ = {
			isa = XCConfigurationList;
			buildConfigurations = (
				2DC98D4A2784407E00CC9C4C /* Debug */,
				2DC98D4B2784407E00CC9C4C /* Release */,
			);
			defaultConfigurationIsVisible = 0;
			defaultConfigurationName = Release;
		};
/* End XCConfigurationList section */
	};
	rootObject = 2DC98D2D2784407C00CC9C4C /* Project object */;
}
